// !$*UTF8*$!
{
	archiveVersion = 1;
	classes = {
	};
	objectVersion = 56;
	objects = {

/* Begin PBXBuildFile section */
		3A627B8A2DD8C6CD0011695B /* CardRow.swift in Sources */ = {isa = PBXBuildFile; fileRef = 3A627B892DD8C6CD0011695B /* CardRow.swift */; };
		3A627B8C2DD8C7270011695B /* RenameCard.swift in Sources */ = {isa = PBXBuildFile; fileRef = 3A627B8B2DD8C7270011695B /* RenameCard.swift */; };
		3A627B8E2DD8C7880011695B /* EmptyCard.swift in Sources */ = {isa = PBXBuildFile; fileRef = 3A627B8D2DD8C7880011695B /* EmptyCard.swift */; };
		3A627B902DD8C98B0011695B /* ScanView.swift in Sources */ = {isa = PBXBuildFile; fileRef = 3A627B8F2DD8C98B0011695B /* ScanView.swift */; };
		3A627B932DD8CDA80011695B /* CodeScanner in Frameworks */ = {isa = PBXBuildFile; productRef = 3A627B922DD8CDA80011695B /* CodeScanner */; };
		3A627B952DD8D5AB0011695B /* CodeImageView.swift in Sources */ = {isa = PBXBuildFile; fileRef = 3A627B942DD8D5AB0011695B /* CodeImageView.swift */; };
		3A627B972DD8DC540011695B /* Colors.swift in Sources */ = {isa = PBXBuildFile; fileRef = 3A627B962DD8DC540011695B /* Colors.swift */; };
		3A627B9A2DD8ECAE0011695B /* PurchaseView.swift in Sources */ = {isa = PBXBuildFile; fileRef = 3A627B992DD8ECAE0011695B /* PurchaseView.swift */; };
		3A627B9C2DD8ECC10011695B /* StoreManager.swift in Sources */ = {isa = PBXBuildFile; fileRef = 3A627B9B2DD8ECC10011695B /* StoreManager.swift */; };
		3A6D25C32DD8A2560095FA0C /* CardStorage.swift in Sources */ = {isa = PBXBuildFile; fileRef = 3A6D25C22DD8A2560095FA0C /* CardStorage.swift */; };
		3A6D25C82DD8A2AA0095FA0C /* Card.swift in Sources */ = {isa = PBXBuildFile; fileRef = 3A6D25C72DD8A2AA0095FA0C /* Card.swift */; };
		3AB34CA32DD88CC4009731A8 /* Launch Screen.storyboard in Resources */ = {isa = PBXBuildFile; fileRef = 3AB34CA22DD88CC4009731A8 /* Launch Screen.storyboard */; };
		3AB34CA52DD88D2E009731A8 /* Index.swift in Sources */ = {isa = PBXBuildFile; fileRef = 3AB34CA42DD88D2E009731A8 /* Index.swift */; };
		3AB34CA92DD88DA0009731A8 /* AddCard.swift in Sources */ = {isa = PBXBuildFile; fileRef = 3AB34CA82DD88DA0009731A8 /* AddCard.swift */; };
		3AB34CAC2DD892A4009731A8 /* Property List.plist in Resources */ = {isa = PBXBuildFile; fileRef = 3AB34CAB2DD892A4009731A8 /* Property List.plist */; };
		3ABCE3712DD8AB7100E02772 /* Language.swift in Sources */ = {isa = PBXBuildFile; fileRef = 3ABCE3702DD8AB7100E02772 /* Language.swift */; };
		3ABCE3732DD8AEFD00E02772 /* Settings.swift in Sources */ = {isa = PBXBuildFile; fileRef = 3ABCE3722DD8AEFD00E02772 /* Settings.swift */; };
		3ABCE3752DD8B31500E02772 /* AppFooter.swift in Sources */ = {isa = PBXBuildFile; fileRef = 3ABCE3742DD8B31500E02772 /* AppFooter.swift */; };
		3AD478F92DD88B00006C5CBC /* UniwalletApp.swift in Sources */ = {isa = PBXBuildFile; fileRef = 3AD478F82DD88B00006C5CBC /* UniwalletApp.swift */; };
		3AD478FD2DD88B02006C5CBC /* Assets.xcassets in Resources */ = {isa = PBXBuildFile; fileRef = 3AD478FC2DD88B02006C5CBC /* Assets.xcassets */; };
		3AD479002DD88B02006C5CBC /* Preview Assets.xcassets in Resources */ = {isa = PBXBuildFile; fileRef = 3AD478FF2DD88B02006C5CBC /* Preview Assets.xcassets */; };
		3AD4790A2DD88B03006C5CBC /* UniwalletTests.swift in Sources */ = {isa = PBXBuildFile; fileRef = 3AD479092DD88B03006C5CBC /* UniwalletTests.swift */; };
		3AD479142DD88B03006C5CBC /* UniwalletUITests.swift in Sources */ = {isa = PBXBuildFile; fileRef = 3AD479132DD88B03006C5CBC /* UniwalletUITests.swift */; };
		3AD479162DD88B03006C5CBC /* UniwalletUITestsLaunchTests.swift in Sources */ = {isa = PBXBuildFile; fileRef = 3AD479152DD88B03006C5CBC /* UniwalletUITestsLaunchTests.swift */; };
		3AEB56F22DD936350013B1AE /* RSBarcodes_Swift in Frameworks */ = {isa = PBXBuildFile; productRef = 3AEB56F12DD936350013B1AE /* RSBarcodes_Swift */; };
/* End PBXBuildFile section */

/* Begin PBXContainerItemProxy section */
		3AD479062DD88B03006C5CBC /* PBXContainerItemProxy */ = {
			isa = PBXContainerItemProxy;
			containerPortal = 3AD478ED2DD88B00006C5CBC /* Project object */;
			proxyType = 1;
			remoteGlobalIDString = 3AD478F42DD88B00006C5CBC;
			remoteInfo = Uniwallet;
		};
		3AD479102DD88B03006C5CBC /* PBXContainerItemProxy */ = {
			isa = PBXContainerItemProxy;
			containerPortal = 3AD478ED2DD88B00006C5CBC /* Project object */;
			proxyType = 1;
			remoteGlobalIDString = 3AD478F42DD88B00006C5CBC;
			remoteInfo = Uniwallet;
		};
/* End PBXContainerItemProxy section */

/* Begin PBXFileReference section */
		3A627B892DD8C6CD0011695B /* CardRow.swift */ = {isa = PBXFileReference; lastKnownFileType = sourcecode.swift; path = CardRow.swift; sourceTree = "<group>"; };
		3A627B8B2DD8C7270011695B /* RenameCard.swift */ = {isa = PBXFileReference; lastKnownFileType = sourcecode.swift; path = RenameCard.swift; sourceTree = "<group>"; };
		3A627B8D2DD8C7880011695B /* EmptyCard.swift */ = {isa = PBXFileReference; lastKnownFileType = sourcecode.swift; path = EmptyCard.swift; sourceTree = "<group>"; };
		3A627B8F2DD8C98B0011695B /* ScanView.swift */ = {isa = PBXFileReference; lastKnownFileType = sourcecode.swift; path = ScanView.swift; sourceTree = "<group>"; };
		3A627B942DD8D5AB0011695B /* CodeImageView.swift */ = {isa = PBXFileReference; lastKnownFileType = sourcecode.swift; path = CodeImageView.swift; sourceTree = "<group>"; };
		3A627B962DD8DC540011695B /* Colors.swift */ = {isa = PBXFileReference; lastKnownFileType = sourcecode.swift; path = Colors.swift; sourceTree = "<group>"; };
		3A627B992DD8ECAE0011695B /* PurchaseView.swift */ = {isa = PBXFileReference; lastKnownFileType = sourcecode.swift; path = PurchaseView.swift; sourceTree = "<group>"; };
		3A627B9B2DD8ECC10011695B /* StoreManager.swift */ = {isa = PBXFileReference; lastKnownFileType = sourcecode.swift; path = StoreManager.swift; sourceTree = "<group>"; };
		3A6D25C22DD8A2560095FA0C /* CardStorage.swift */ = {isa = PBXFileReference; lastKnownFileType = sourcecode.swift; path = CardStorage.swift; sourceTree = "<group>"; };
		3A6D25C72DD8A2AA0095FA0C /* Card.swift */ = {isa = PBXFileReference; lastKnownFileType = sourcecode.swift; path = Card.swift; sourceTree = "<group>"; };
		3AB34CA22DD88CC4009731A8 /* Launch Screen.storyboard */ = {isa = PBXFileReference; lastKnownFileType = file.storyboard; path = "Launch Screen.storyboard"; sourceTree = "<group>"; };
		3AB34CA42DD88D2E009731A8 /* Index.swift */ = {isa = PBXFileReference; lastKnownFileType = sourcecode.swift; path = Index.swift; sourceTree = "<group>"; };
		3AB34CA82DD88DA0009731A8 /* AddCard.swift */ = {isa = PBXFileReference; lastKnownFileType = sourcecode.swift; path = AddCard.swift; sourceTree = "<group>"; };
		3AB34CAA2DD890D9009731A8 /* Info.plist */ = {isa = PBXFileReference; lastKnownFileType = text.plist; path = Info.plist; sourceTree = "<group>"; };
		3AB34CAB2DD892A4009731A8 /* Property List.plist */ = {isa = PBXFileReference; lastKnownFileType = text.plist.xml; path = "Property List.plist"; sourceTree = "<group>"; };
		3ABCE3702DD8AB7100E02772 /* Language.swift */ = {isa = PBXFileReference; lastKnownFileType = sourcecode.swift; path = Language.swift; sourceTree = "<group>"; };
		3ABCE3722DD8AEFD00E02772 /* Settings.swift */ = {isa = PBXFileReference; lastKnownFileType = sourcecode.swift; path = Settings.swift; sourceTree = "<group>"; };
		3ABCE3742DD8B31500E02772 /* AppFooter.swift */ = {isa = PBXFileReference; lastKnownFileType = sourcecode.swift; path = AppFooter.swift; sourceTree = "<group>"; };
		3AD478F52DD88B00006C5CBC /* Uniwallet.app */ = {isa = PBXFileReference; explicitFileType = wrapper.application; includeInIndex = 0; path = Uniwallet.app; sourceTree = BUILT_PRODUCTS_DIR; };
		3AD478F82DD88B00006C5CBC /* UniwalletApp.swift */ = {isa = PBXFileReference; lastKnownFileType = sourcecode.swift; path = UniwalletApp.swift; sourceTree = "<group>"; };
		3AD478FC2DD88B02006C5CBC /* Assets.xcassets */ = {isa = PBXFileReference; lastKnownFileType = folder.assetcatalog; path = Assets.xcassets; sourceTree = "<group>"; };
		3AD478FF2DD88B02006C5CBC /* Preview Assets.xcassets */ = {isa = PBXFileReference; lastKnownFileType = folder.assetcatalog; path = "Preview Assets.xcassets"; sourceTree = "<group>"; };
		3AD479052DD88B03006C5CBC /* UniwalletTests.xctest */ = {isa = PBXFileReference; explicitFileType = wrapper.cfbundle; includeInIndex = 0; path = UniwalletTests.xctest; sourceTree = BUILT_PRODUCTS_DIR; };
		3AD479092DD88B03006C5CBC /* UniwalletTests.swift */ = {isa = PBXFileReference; lastKnownFileType = sourcecode.swift; path = UniwalletTests.swift; sourceTree = "<group>"; };
		3AD4790F2DD88B03006C5CBC /* UniwalletUITests.xctest */ = {isa = PBXFileReference; explicitFileType = wrapper.cfbundle; includeInIndex = 0; path = UniwalletUITests.xctest; sourceTree = BUILT_PRODUCTS_DIR; };
		3AD479132DD88B03006C5CBC /* UniwalletUITests.swift */ = {isa = PBXFileReference; lastKnownFileType = sourcecode.swift; path = UniwalletUITests.swift; sourceTree = "<group>"; };
		3AD479152DD88B03006C5CBC /* UniwalletUITestsLaunchTests.swift */ = {isa = PBXFileReference; lastKnownFileType = sourcecode.swift; path = UniwalletUITestsLaunchTests.swift; sourceTree = "<group>"; };
/* End PBXFileReference section */

/* Begin PBXFrameworksBuildPhase section */
		3AD478F22DD88B00006C5CBC /* Frameworks */ = {
			isa = PBXFrameworksBuildPhase;
			buildActionMask = 2147483647;
			files = (
				3AEB56F22DD936350013B1AE /* RSBarcodes_Swift in Frameworks */,
				3A627B932DD8CDA80011695B /* CodeScanner in Frameworks */,
			);
			runOnlyForDeploymentPostprocessing = 0;
		};
		3AD479022DD88B03006C5CBC /* Frameworks */ = {
			isa = PBXFrameworksBuildPhase;
			buildActionMask = 2147483647;
			files = (
			);
			runOnlyForDeploymentPostprocessing = 0;
		};
		3AD4790C2DD88B03006C5CBC /* Frameworks */ = {
			isa = PBXFrameworksBuildPhase;
			buildActionMask = 2147483647;
			files = (
			);
			runOnlyForDeploymentPostprocessing = 0;
		};
/* End PBXFrameworksBuildPhase section */

/* Begin PBXGroup section */
		3A627B982DD8EC7B0011695B /* in-app purchase */ = {
			isa = PBXGroup;
			children = (
				3A627B992DD8ECAE0011695B /* PurchaseView.swift */,
				3A627B9B2DD8ECC10011695B /* StoreManager.swift */,
			);
			path = "in-app purchase";
			sourceTree = "<group>";
		};
		3A6D25C42DD8A25C0095FA0C /* Cards */ = {
			isa = PBXGroup;
			children = (
				3A6D25C22DD8A2560095FA0C /* CardStorage.swift */,
				3A6D25C72DD8A2AA0095FA0C /* Card.swift */,
				3A627B892DD8C6CD0011695B /* CardRow.swift */,
				3A627B8B2DD8C7270011695B /* RenameCard.swift */,
				3A627B8D2DD8C7880011695B /* EmptyCard.swift */,
			);
			path = Cards;
			sourceTree = "<group>";
		};
		3AB34CA62DD88D70009731A8 /* Funktioner */ = {
			isa = PBXGroup;
			children = (
				3ABCE3702DD8AB7100E02772 /* Language.swift */,
				3ABCE3742DD8B31500E02772 /* AppFooter.swift */,
				3A627B8F2DD8C98B0011695B /* ScanView.swift */,
				3A627B962DD8DC540011695B /* Colors.swift */,
			);
			path = Funktioner;
			sourceTree = "<group>";
		};
		3AB34CA72DD88D86009731A8 /* ViewModels */ = {
			isa = PBXGroup;
			children = (
				3ABCE3722DD8AEFD00E02772 /* Settings.swift */,
				3AB34CA82DD88DA0009731A8 /* AddCard.swift */,
				3A627B942DD8D5AB0011695B /* CodeImageView.swift */,
			);
			path = ViewModels;
			sourceTree = "<group>";
		};
		3AD478EC2DD88B00006C5CBC = {
			isa = PBXGroup;
			children = (
				3AD478F72DD88B00006C5CBC /* Uniwallet */,
				3AD479082DD88B03006C5CBC /* UniwalletTests */,
				3AD479122DD88B03006C5CBC /* UniwalletUITests */,
				3AD478F62DD88B00006C5CBC /* Products */,
			);
			sourceTree = "<group>";
		};
		3AD478F62DD88B00006C5CBC /* Products */ = {
			isa = PBXGroup;
			children = (
				3AD478F52DD88B00006C5CBC /* Uniwallet.app */,
				3AD479052DD88B03006C5CBC /* UniwalletTests.xctest */,
				3AD4790F2DD88B03006C5CBC /* UniwalletUITests.xctest */,
			);
			name = Products;
			sourceTree = "<group>";
		};
		3AD478F72DD88B00006C5CBC /* Uniwallet */ = {
			isa = PBXGroup;
			children = (
				3AB34CAA2DD890D9009731A8 /* Info.plist */,
				3AD478F82DD88B00006C5CBC /* UniwalletApp.swift */,
				3AB34CA42DD88D2E009731A8 /* Index.swift */,
				3AD478FC2DD88B02006C5CBC /* Assets.xcassets */,
				3A627B982DD8EC7B0011695B /* in-app purchase */,
				3AD478FE2DD88B02006C5CBC /* Preview Content */,
				3A6D25C42DD8A25C0095FA0C /* Cards */,
				3AB34CA62DD88D70009731A8 /* Funktioner */,
				3AB34CA72DD88D86009731A8 /* ViewModels */,
			);
			path = Uniwallet;
			sourceTree = "<group>";
		};
		3AD478FE2DD88B02006C5CBC /* Preview Content */ = {
			isa = PBXGroup;
			children = (
				3AB34CAB2DD892A4009731A8 /* Property List.plist */,
				3AB34CA22DD88CC4009731A8 /* Launch Screen.storyboard */,
				3AD478FF2DD88B02006C5CBC /* Preview Assets.xcassets */,
			);
			path = "Preview Content";
			sourceTree = "<group>";
		};
		3AD479082DD88B03006C5CBC /* UniwalletTests */ = {
			isa = PBXGroup;
			children = (
				3AD479092DD88B03006C5CBC /* UniwalletTests.swift */,
			);
			path = UniwalletTests;
			sourceTree = "<group>";
		};
		3AD479122DD88B03006C5CBC /* UniwalletUITests */ = {
			isa = PBXGroup;
			children = (
				3AD479132DD88B03006C5CBC /* UniwalletUITests.swift */,
				3AD479152DD88B03006C5CBC /* UniwalletUITestsLaunchTests.swift */,
			);
			path = UniwalletUITests;
			sourceTree = "<group>";
		};
/* End PBXGroup section */

/* Begin PBXNativeTarget section */
		3AD478F42DD88B00006C5CBC /* Uniwallet */ = {
			isa = PBXNativeTarget;
			buildConfigurationList = 3AD479192DD88B03006C5CBC /* Build configuration list for PBXNativeTarget "Uniwallet" */;
			buildPhases = (
				3AD478F12DD88B00006C5CBC /* Sources */,
				3AD478F22DD88B00006C5CBC /* Frameworks */,
				3AD478F32DD88B00006C5CBC /* Resources */,
			);
			buildRules = (
			);
			dependencies = (
			);
			name = Uniwallet;
			packageProductDependencies = (
				3A627B922DD8CDA80011695B /* CodeScanner */,
				3AEB56F12DD936350013B1AE /* RSBarcodes_Swift */,
			);
			productName = Uniwallet;
			productReference = 3AD478F52DD88B00006C5CBC /* Uniwallet.app */;
			productType = "com.apple.product-type.application";
		};
		3AD479042DD88B03006C5CBC /* UniwalletTests */ = {
			isa = PBXNativeTarget;
			buildConfigurationList = 3AD4791C2DD88B03006C5CBC /* Build configuration list for PBXNativeTarget "UniwalletTests" */;
			buildPhases = (
				3AD479012DD88B03006C5CBC /* Sources */,
				3AD479022DD88B03006C5CBC /* Frameworks */,
				3AD479032DD88B03006C5CBC /* Resources */,
			);
			buildRules = (
			);
			dependencies = (
				3AD479072DD88B03006C5CBC /* PBXTargetDependency */,
			);
			name = UniwalletTests;
			productName = UniwalletTests;
			productReference = 3AD479052DD88B03006C5CBC /* UniwalletTests.xctest */;
			productType = "com.apple.product-type.bundle.unit-test";
		};
		3AD4790E2DD88B03006C5CBC /* UniwalletUITests */ = {
			isa = PBXNativeTarget;
			buildConfigurationList = 3AD4791F2DD88B03006C5CBC /* Build configuration list for PBXNativeTarget "UniwalletUITests" */;
			buildPhases = (
				3AD4790B2DD88B03006C5CBC /* Sources */,
				3AD4790C2DD88B03006C5CBC /* Frameworks */,
				3AD4790D2DD88B03006C5CBC /* Resources */,
			);
			buildRules = (
			);
			dependencies = (
				3AD479112DD88B03006C5CBC /* PBXTargetDependency */,
			);
			name = UniwalletUITests;
			productName = UniwalletUITests;
			productReference = 3AD4790F2DD88B03006C5CBC /* UniwalletUITests.xctest */;
			productType = "com.apple.product-type.bundle.ui-testing";
		};
/* End PBXNativeTarget section */

/* Begin PBXProject section */
		3AD478ED2DD88B00006C5CBC /* Project object */ = {
			isa = PBXProject;
			attributes = {
				BuildIndependentTargetsInParallel = 1;
				LastSwiftUpdateCheck = 1520;
				LastUpgradeCheck = 1520;
				TargetAttributes = {
					3AD478F42DD88B00006C5CBC = {
						CreatedOnToolsVersion = 15.2;
					};
					3AD479042DD88B03006C5CBC = {
						CreatedOnToolsVersion = 15.2;
						TestTargetID = 3AD478F42DD88B00006C5CBC;
					};
					3AD4790E2DD88B03006C5CBC = {
						CreatedOnToolsVersion = 15.2;
						TestTargetID = 3AD478F42DD88B00006C5CBC;
					};
				};
			};
			buildConfigurationList = 3AD478F02DD88B00006C5CBC /* Build configuration list for PBXProject "Uniwallet" */;
			compatibilityVersion = "Xcode 14.0";
			developmentRegion = en;
			hasScannedForEncodings = 0;
			knownRegions = (
				en,
				Base,
			);
			mainGroup = 3AD478EC2DD88B00006C5CBC;
			packageReferences = (
				3A627B912DD8CDA80011695B /* XCRemoteSwiftPackageReference "CodeScanner" */,
				3AEB56F02DD936350013B1AE /* XCRemoteSwiftPackageReference "RSBarcodes_Swift" */,
			);
			productRefGroup = 3AD478F62DD88B00006C5CBC /* Products */;
			projectDirPath = "";
			projectRoot = "";
			targets = (
				3AD478F42DD88B00006C5CBC /* Uniwallet */,
				3AD479042DD88B03006C5CBC /* UniwalletTests */,
				3AD4790E2DD88B03006C5CBC /* UniwalletUITests */,
			);
		};
/* End PBXProject section */

/* Begin PBXResourcesBuildPhase section */
		3AD478F32DD88B00006C5CBC /* Resources */ = {
			isa = PBXResourcesBuildPhase;
			buildActionMask = 2147483647;
			files = (
				3AB34CA32DD88CC4009731A8 /* Launch Screen.storyboard in Resources */,
				3AD479002DD88B02006C5CBC /* Preview Assets.xcassets in Resources */,
				3AB34CAC2DD892A4009731A8 /* Property List.plist in Resources */,
				3AD478FD2DD88B02006C5CBC /* Assets.xcassets in Resources */,
			);
			runOnlyForDeploymentPostprocessing = 0;
		};
		3AD479032DD88B03006C5CBC /* Resources */ = {
			isa = PBXResourcesBuildPhase;
			buildActionMask = 2147483647;
			files = (
			);
			runOnlyForDeploymentPostprocessing = 0;
		};
		3AD4790D2DD88B03006C5CBC /* Resources */ = {
			isa = PBXResourcesBuildPhase;
			buildActionMask = 2147483647;
			files = (
			);
			runOnlyForDeploymentPostprocessing = 0;
		};
/* End PBXResourcesBuildPhase section */

/* Begin PBXSourcesBuildPhase section */
		3AD478F12DD88B00006C5CBC /* Sources */ = {
			isa = PBXSourcesBuildPhase;
			buildActionMask = 2147483647;
			files = (
				3A6D25C32DD8A2560095FA0C /* CardStorage.swift in Sources */,
				3A6D25C82DD8A2AA0095FA0C /* Card.swift in Sources */,
				3ABCE3752DD8B31500E02772 /* AppFooter.swift in Sources */,
				3A627B9A2DD8ECAE0011695B /* PurchaseView.swift in Sources */,
				3A627B972DD8DC540011695B /* Colors.swift in Sources */,
				3A627B9C2DD8ECC10011695B /* StoreManager.swift in Sources */,
				3A627B8C2DD8C7270011695B /* RenameCard.swift in Sources */,
				3AD478F92DD88B00006C5CBC /* UniwalletApp.swift in Sources */,
				3A627B902DD8C98B0011695B /* ScanView.swift in Sources */,
				3ABCE3712DD8AB7100E02772 /* Language.swift in Sources */,
				3ABCE3732DD8AEFD00E02772 /* Settings.swift in Sources */,
				3AB34CA52DD88D2E009731A8 /* Index.swift in Sources */,
				3A627B952DD8D5AB0011695B /* CodeImageView.swift in Sources */,
				3A627B8A2DD8C6CD0011695B /* CardRow.swift in Sources */,
				3A627B8E2DD8C7880011695B /* EmptyCard.swift in Sources */,
				3AB34CA92DD88DA0009731A8 /* AddCard.swift in Sources */,
			);
			runOnlyForDeploymentPostprocessing = 0;
		};
		3AD479012DD88B03006C5CBC /* Sources */ = {
			isa = PBXSourcesBuildPhase;
			buildActionMask = 2147483647;
			files = (
				3AD4790A2DD88B03006C5CBC /* UniwalletTests.swift in Sources */,
			);
			runOnlyForDeploymentPostprocessing = 0;
		};
		3AD4790B2DD88B03006C5CBC /* Sources */ = {
			isa = PBXSourcesBuildPhase;
			buildActionMask = 2147483647;
			files = (
				3AD479162DD88B03006C5CBC /* UniwalletUITestsLaunchTests.swift in Sources */,
				3AD479142DD88B03006C5CBC /* UniwalletUITests.swift in Sources */,
			);
			runOnlyForDeploymentPostprocessing = 0;
		};
/* End PBXSourcesBuildPhase section */

/* Begin PBXTargetDependency section */
		3AD479072DD88B03006C5CBC /* PBXTargetDependency */ = {
			isa = PBXTargetDependency;
			target = 3AD478F42DD88B00006C5CBC /* Uniwallet */;
			targetProxy = 3AD479062DD88B03006C5CBC /* PBXContainerItemProxy */;
		};
		3AD479112DD88B03006C5CBC /* PBXTargetDependency */ = {
			isa = PBXTargetDependency;
			target = 3AD478F42DD88B00006C5CBC /* Uniwallet */;
			targetProxy = 3AD479102DD88B03006C5CBC /* PBXContainerItemProxy */;
		};
/* End PBXTargetDependency section */

/* Begin XCBuildConfiguration section */
		3AD479172DD88B03006C5CBC /* Debug */ = {
			isa = XCBuildConfiguration;
			buildSettings = {
				ALWAYS_SEARCH_USER_PATHS = NO;
				ASSETCATALOG_COMPILER_GENERATE_SWIFT_ASSET_SYMBOL_EXTENSIONS = YES;
				CLANG_ANALYZER_NONNULL = YES;
				CLANG_ANALYZER_NUMBER_OBJECT_CONVERSION = YES_AGGRESSIVE;
				CLANG_CXX_LANGUAGE_STANDARD = "gnu++20";
				CLANG_ENABLE_MODULES = YES;
				CLANG_ENABLE_OBJC_ARC = YES;
				CLANG_ENABLE_OBJC_WEAK = YES;
				CLANG_WARN_BLOCK_CAPTURE_AUTORELEASING = YES;
				CLANG_WARN_BOOL_CONVERSION = YES;
				CLANG_WARN_COMMA = YES;
				CLANG_WARN_CONSTANT_CONVERSION = YES;
				CLANG_WARN_DEPRECATED_OBJC_IMPLEMENTATIONS = YES;
				CLANG_WARN_DIRECT_OBJC_ISA_USAGE = YES_ERROR;
				CLANG_WARN_DOCUMENTATION_COMMENTS = YES;
				CLANG_WARN_EMPTY_BODY = YES;
				CLANG_WARN_ENUM_CONVERSION = YES;
				CLANG_WARN_INFINITE_RECURSION = YES;
				CLANG_WARN_INT_CONVERSION = YES;
				CLANG_WARN_NON_LITERAL_NULL_CONVERSION = YES;
				CLANG_WARN_OBJC_IMPLICIT_RETAIN_SELF = YES;
				CLANG_WARN_OBJC_LITERAL_CONVERSION = YES;
				CLANG_WARN_OBJC_ROOT_CLASS = YES_ERROR;
				CLANG_WARN_QUOTED_INCLUDE_IN_FRAMEWORK_HEADER = YES;
				CLANG_WARN_RANGE_LOOP_ANALYSIS = YES;
				CLANG_WARN_STRICT_PROTOTYPES = YES;
				CLANG_WARN_SUSPICIOUS_MOVE = YES;
				CLANG_WARN_UNGUARDED_AVAILABILITY = YES_AGGRESSIVE;
				CLANG_WARN_UNREACHABLE_CODE = YES;
				CLANG_WARN__DUPLICATE_METHOD_MATCH = YES;
				COPY_PHASE_STRIP = NO;
				DEBUG_INFORMATION_FORMAT = dwarf;
				ENABLE_STRICT_OBJC_MSGSEND = YES;
				ENABLE_TESTABILITY = YES;
				ENABLE_USER_SCRIPT_SANDBOXING = YES;
				GCC_C_LANGUAGE_STANDARD = gnu17;
				GCC_DYNAMIC_NO_PIC = NO;
				GCC_NO_COMMON_BLOCKS = YES;
				GCC_OPTIMIZATION_LEVEL = 0;
				GCC_PREPROCESSOR_DEFINITIONS = (
					"DEBUG=1",
					"$(inherited)",
				);
				GCC_WARN_64_TO_32_BIT_CONVERSION = YES;
				GCC_WARN_ABOUT_RETURN_TYPE = YES_ERROR;
				GCC_WARN_UNDECLARED_SELECTOR = YES;
				GCC_WARN_UNINITIALIZED_AUTOS = YES_AGGRESSIVE;
				GCC_WARN_UNUSED_FUNCTION = YES;
				GCC_WARN_UNUSED_VARIABLE = YES;
				INFOPLIST_KEY_UIUserInterfaceStyle = Dark;
				IPHONEOS_DEPLOYMENT_TARGET = 16.0;
				LOCALIZATION_PREFERS_STRING_CATALOGS = YES;
				MTL_ENABLE_DEBUG_INFO = INCLUDE_SOURCE;
				MTL_FAST_MATH = YES;
				ONLY_ACTIVE_ARCH = YES;
				SDKROOT = iphoneos;
				SWIFT_ACTIVE_COMPILATION_CONDITIONS = "DEBUG $(inherited)";
				SWIFT_OPTIMIZATION_LEVEL = "-Onone";
			};
			name = Debug;
		};
		3AD479182DD88B03006C5CBC /* Release */ = {
			isa = XCBuildConfiguration;
			buildSettings = {
				ALWAYS_SEARCH_USER_PATHS = NO;
				ASSETCATALOG_COMPILER_GENERATE_SWIFT_ASSET_SYMBOL_EXTENSIONS = YES;
				CLANG_ANALYZER_NONNULL = YES;
				CLANG_ANALYZER_NUMBER_OBJECT_CONVERSION = YES_AGGRESSIVE;
				CLANG_CXX_LANGUAGE_STANDARD = "gnu++20";
				CLANG_ENABLE_MODULES = YES;
				CLANG_ENABLE_OBJC_ARC = YES;
				CLANG_ENABLE_OBJC_WEAK = YES;
				CLANG_WARN_BLOCK_CAPTURE_AUTORELEASING = YES;
				CLANG_WARN_BOOL_CONVERSION = YES;
				CLANG_WARN_COMMA = YES;
				CLANG_WARN_CONSTANT_CONVERSION = YES;
				CLANG_WARN_DEPRECATED_OBJC_IMPLEMENTATIONS = YES;
				CLANG_WARN_DIRECT_OBJC_ISA_USAGE = YES_ERROR;
				CLANG_WARN_DOCUMENTATION_COMMENTS = YES;
				CLANG_WARN_EMPTY_BODY = YES;
				CLANG_WARN_ENUM_CONVERSION = YES;
				CLANG_WARN_INFINITE_RECURSION = YES;
				CLANG_WARN_INT_CONVERSION = YES;
				CLANG_WARN_NON_LITERAL_NULL_CONVERSION = YES;
				CLANG_WARN_OBJC_IMPLICIT_RETAIN_SELF = YES;
				CLANG_WARN_OBJC_LITERAL_CONVERSION = YES;
				CLANG_WARN_OBJC_ROOT_CLASS = YES_ERROR;
				CLANG_WARN_QUOTED_INCLUDE_IN_FRAMEWORK_HEADER = YES;
				CLANG_WARN_RANGE_LOOP_ANALYSIS = YES;
				CLANG_WARN_STRICT_PROTOTYPES = YES;
				CLANG_WARN_SUSPICIOUS_MOVE = YES;
				CLANG_WARN_UNGUARDED_AVAILABILITY = YES_AGGRESSIVE;
				CLANG_WARN_UNREACHABLE_CODE = YES;
				CLANG_WARN__DUPLICATE_METHOD_MATCH = YES;
				COPY_PHASE_STRIP = NO;
				DEBUG_INFORMATION_FORMAT = "dwarf-with-dsym";
				ENABLE_NS_ASSERTIONS = NO;
				ENABLE_STRICT_OBJC_MSGSEND = YES;
				ENABLE_USER_SCRIPT_SANDBOXING = YES;
				GCC_C_LANGUAGE_STANDARD = gnu17;
				GCC_NO_COMMON_BLOCKS = YES;
				GCC_WARN_64_TO_32_BIT_CONVERSION = YES;
				GCC_WARN_ABOUT_RETURN_TYPE = YES_ERROR;
				GCC_WARN_UNDECLARED_SELECTOR = YES;
				GCC_WARN_UNINITIALIZED_AUTOS = YES_AGGRESSIVE;
				GCC_WARN_UNUSED_FUNCTION = YES;
				GCC_WARN_UNUSED_VARIABLE = YES;
				INFOPLIST_KEY_UIUserInterfaceStyle = Dark;
				IPHONEOS_DEPLOYMENT_TARGET = 16.0;
				LOCALIZATION_PREFERS_STRING_CATALOGS = YES;
				MTL_ENABLE_DEBUG_INFO = NO;
				MTL_FAST_MATH = YES;
				SDKROOT = iphoneos;
				SWIFT_COMPILATION_MODE = wholemodule;
				VALIDATE_PRODUCT = YES;
			};
			name = Release;
		};
		3AD4791A2DD88B03006C5CBC /* Debug */ = {
			isa = XCBuildConfiguration;
			buildSettings = {
				ASSETCATALOG_COMPILER_APPICON_NAME = AppIcon;
				ASSETCATALOG_COMPILER_GLOBAL_ACCENT_COLOR_NAME = AccentColor;
				CODE_SIGN_IDENTITY = "Apple Development";
				"CODE_SIGN_IDENTITY[sdk=iphoneos*]" = "iPhone Distribution";
				CODE_SIGN_STYLE = Manual;
				CURRENT_PROJECT_VERSION = 1;
				DEVELOPMENT_ASSET_PATHS = "\"Uniwallet/Preview Content\"";
				DEVELOPMENT_TEAM = "";
				"DEVELOPMENT_TEAM[sdk=iphoneos*]" = U4LPX7NYV2;
				ENABLE_PREVIEWS = YES;
				GENERATE_INFOPLIST_FILE = YES;
				INFOPLIST_FILE = Uniwallet/Info.plist;
				INFOPLIST_KEY_CFBundleDisplayName = "Wallet-Stacker";
				INFOPLIST_KEY_LSApplicationCategoryType = "public.app-category.utilities";
				INFOPLIST_KEY_NSCameraUsageDescription = "Appen behöver tillgång till kameran för att skanna QR-koder och streckkoder.";
				INFOPLIST_KEY_UIApplicationSceneManifest_Generation = YES;
				INFOPLIST_KEY_UIApplicationSupportsIndirectInputEvents = YES;
				INFOPLIST_KEY_UILaunchScreen_Generation = YES;
				INFOPLIST_KEY_UISupportedInterfaceOrientations = "UIInterfaceOrientationLandscapeLeft UIInterfaceOrientationLandscapeRight UIInterfaceOrientationPortrait";
				INFOPLIST_KEY_UISupportedInterfaceOrientations_iPad = "UIInterfaceOrientationLandscapeLeft UIInterfaceOrientationLandscapeRight UIInterfaceOrientationPortrait UIInterfaceOrientationPortraitUpsideDown";
				INFOPLIST_KEY_UIUserInterfaceStyle = Dark;
				IPHONEOS_DEPLOYMENT_TARGET = 16.0;
				LD_RUNPATH_SEARCH_PATHS = (
					"$(inherited)",
					"@executable_path/Frameworks",
				);
				MARKETING_VERSION = 1.0;
				NEW_SETTING = "";
				NEW_SETTING1 = "";
				PRODUCT_BUNDLE_IDENTIFIER = AdrianNeshad.WalletStacker;
				PRODUCT_NAME = "$(TARGET_NAME)";
				PROVISIONING_PROFILE_SPECIFIER = "";
				"PROVISIONING_PROFILE_SPECIFIER[sdk=iphoneos*]" = "Wallet Stacker1";
				SWIFT_EMIT_LOC_STRINGS = YES;
				SWIFT_VERSION = 5.0;
				TARGETED_DEVICE_FAMILY = "1,2";
			};
			name = Debug;
		};
		3AD4791B2DD88B03006C5CBC /* Release */ = {
			isa = XCBuildConfiguration;
			buildSettings = {
				ASSETCATALOG_COMPILER_APPICON_NAME = AppIcon;
				ASSETCATALOG_COMPILER_GLOBAL_ACCENT_COLOR_NAME = AccentColor;
				CODE_SIGN_STYLE = Automatic;
				CURRENT_PROJECT_VERSION = 1;
				DEVELOPMENT_ASSET_PATHS = "\"Uniwallet/Preview Content\"";
				DEVELOPMENT_TEAM = U4LPX7NYV2;
				ENABLE_PREVIEWS = YES;
				GENERATE_INFOPLIST_FILE = YES;
				INFOPLIST_FILE = Uniwallet/Info.plist;
				INFOPLIST_KEY_CFBundleDisplayName = "Wallet-Stacker";
				INFOPLIST_KEY_LSApplicationCategoryType = "public.app-category.utilities";
				INFOPLIST_KEY_NSCameraUsageDescription = "Appen behöver tillgång till kameran för att skanna QR-koder och streckkoder.";
				INFOPLIST_KEY_UIApplicationSceneManifest_Generation = YES;
				INFOPLIST_KEY_UIApplicationSupportsIndirectInputEvents = YES;
				INFOPLIST_KEY_UILaunchScreen_Generation = YES;
				INFOPLIST_KEY_UISupportedInterfaceOrientations = "UIInterfaceOrientationLandscapeLeft UIInterfaceOrientationLandscapeRight UIInterfaceOrientationPortrait";
				INFOPLIST_KEY_UISupportedInterfaceOrientations_iPad = "UIInterfaceOrientationLandscapeLeft UIInterfaceOrientationLandscapeRight UIInterfaceOrientationPortrait UIInterfaceOrientationPortraitUpsideDown";
				INFOPLIST_KEY_UIUserInterfaceStyle = Dark;
				IPHONEOS_DEPLOYMENT_TARGET = 16.0;
				LD_RUNPATH_SEARCH_PATHS = (
					"$(inherited)",
					"@executable_path/Frameworks",
				);
				MARKETING_VERSION = 1.0;
				NEW_SETTING = "";
				NEW_SETTING1 = "";
				PRODUCT_BUNDLE_IDENTIFIER = AdrianNeshad.Uniwallet;
				PRODUCT_NAME = "$(TARGET_NAME)";
				SWIFT_EMIT_LOC_STRINGS = YES;
				SWIFT_VERSION = 5.0;
				TARGETED_DEVICE_FAMILY = "1,2";
			};
			name = Release;
		};
		3AD4791D2DD88B03006C5CBC /* Debug */ = {
			isa = XCBuildConfiguration;
			buildSettings = {
				ALWAYS_EMBED_SWIFT_STANDARD_LIBRARIES = YES;
				BUNDLE_LOADER = "$(TEST_HOST)";
				CODE_SIGN_STYLE = Automatic;
				CURRENT_PROJECT_VERSION = 1;
				DEVELOPMENT_TEAM = U4LPX7NYV2;
				GENERATE_INFOPLIST_FILE = YES;
				IPHONEOS_DEPLOYMENT_TARGET = 17.2;
				MARKETING_VERSION = 1.0;
				PRODUCT_BUNDLE_IDENTIFIER = AdrianNeshad.UniwalletTests;
				PRODUCT_NAME = "$(TARGET_NAME)";
				SWIFT_EMIT_LOC_STRINGS = NO;
				SWIFT_VERSION = 5.0;
				TARGETED_DEVICE_FAMILY = "1,2";
				TEST_HOST = "$(BUILT_PRODUCTS_DIR)/Uniwallet.app/$(BUNDLE_EXECUTABLE_FOLDER_PATH)/Uniwallet";
			};
			name = Debug;
		};
		3AD4791E2DD88B03006C5CBC /* Release */ = {
			isa = XCBuildConfiguration;
			buildSettings = {
				ALWAYS_EMBED_SWIFT_STANDARD_LIBRARIES = YES;
				BUNDLE_LOADER = "$(TEST_HOST)";
				CODE_SIGN_STYLE = Automatic;
				CURRENT_PROJECT_VERSION = 1;
				DEVELOPMENT_TEAM = U4LPX7NYV2;
				GENERATE_INFOPLIST_FILE = YES;
				IPHONEOS_DEPLOYMENT_TARGET = 17.2;
				MARKETING_VERSION = 1.0;
				PRODUCT_BUNDLE_IDENTIFIER = AdrianNeshad.UniwalletTests;
				PRODUCT_NAME = "$(TARGET_NAME)";
				SWIFT_EMIT_LOC_STRINGS = NO;
				SWIFT_VERSION = 5.0;
				TARGETED_DEVICE_FAMILY = "1,2";
				TEST_HOST = "$(BUILT_PRODUCTS_DIR)/Uniwallet.app/$(BUNDLE_EXECUTABLE_FOLDER_PATH)/Uniwallet";
			};
			name = Release;
		};
		3AD479202DD88B03006C5CBC /* Debug */ = {
			isa = XCBuildConfiguration;
			buildSettings = {
				ALWAYS_EMBED_SWIFT_STANDARD_LIBRARIES = YES;
				CODE_SIGN_STYLE = Automatic;
				CURRENT_PROJECT_VERSION = 1;
				DEVELOPMENT_TEAM = U4LPX7NYV2;
				GENERATE_INFOPLIST_FILE = YES;
				MARKETING_VERSION = 1.0;
				PRODUCT_BUNDLE_IDENTIFIER = AdrianNeshad.UniwalletUITests;
				PRODUCT_NAME = "$(TARGET_NAME)";
				SWIFT_EMIT_LOC_STRINGS = NO;
				SWIFT_VERSION = 5.0;
				TARGETED_DEVICE_FAMILY = "1,2";
				TEST_TARGET_NAME = Uniwallet;
			};
			name = Debug;
		};
		3AD479212DD88B03006C5CBC /* Release */ = {
			isa = XCBuildConfiguration;
			buildSettings = {
				ALWAYS_EMBED_SWIFT_STANDARD_LIBRARIES = YES;
				CODE_SIGN_STYLE = Automatic;
				CURRENT_PROJECT_VERSION = 1;
				DEVELOPMENT_TEAM = U4LPX7NYV2;
				GENERATE_INFOPLIST_FILE = YES;
				MARKETING_VERSION = 1.0;
				PRODUCT_BUNDLE_IDENTIFIER = AdrianNeshad.UniwalletUITests;
				PRODUCT_NAME = "$(TARGET_NAME)";
				SWIFT_EMIT_LOC_STRINGS = NO;
				SWIFT_VERSION = 5.0;
				TARGETED_DEVICE_FAMILY = "1,2";
				TEST_TARGET_NAME = Uniwallet;
			};
			name = Release;
		};
/* End XCBuildConfiguration section */

/* Begin XCConfigurationList section */
		3AD478F02DD88B00006C5CBC /* Build configuration list for PBXProject "Uniwallet" */ = {
			isa = XCConfigurationList;
			buildConfigurations = (
				3AD479172DD88B03006C5CBC /* Debug */,
				3AD479182DD88B03006C5CBC /* Release */,
			);
			defaultConfigurationIsVisible = 0;
			defaultConfigurationName = Release;
		};
		3AD479192DD88B03006C5CBC /* Build configuration list for PBXNativeTarget "Uniwallet" */ = {
			isa = XCConfigurationList;
			buildConfigurations = (
				3AD4791A2DD88B03006C5CBC /* Debug */,
				3AD4791B2DD88B03006C5CBC /* Release */,
			);
			defaultConfigurationIsVisible = 0;
			defaultConfigurationName = Release;
		};
		3AD4791C2DD88B03006C5CBC /* Build configuration list for PBXNativeTarget "UniwalletTests" */ = {
			isa = XCConfigurationList;
			buildConfigurations = (
				3AD4791D2DD88B03006C5CBC /* Debug */,
				3AD4791E2DD88B03006C5CBC /* Release */,
			);
			defaultConfigurationIsVisible = 0;
			defaultConfigurationName = Release;
		};
		3AD4791F2DD88B03006C5CBC /* Build configuration list for PBXNativeTarget "UniwalletUITests" */ = {
			isa = XCConfigurationList;
			buildConfigurations = (
				3AD479202DD88B03006C5CBC /* Debug */,
				3AD479212DD88B03006C5CBC /* Release */,
			);
			defaultConfigurationIsVisible = 0;
			defaultConfigurationName = Release;
		};
/* End XCConfigurationList section */

/* Begin XCRemoteSwiftPackageReference section */
		3A627B912DD8CDA80011695B /* XCRemoteSwiftPackageReference "CodeScanner" */ = {
			isa = XCRemoteSwiftPackageReference;
			repositoryURL = "https://github.com/twostraws/CodeScanner";
			requirement = {
				kind = upToNextMajorVersion;
				minimumVersion = 2.5.2;
			};
		};
		3AEB56F02DD936350013B1AE /* XCRemoteSwiftPackageReference "RSBarcodes_Swift" */ = {
			isa = XCRemoteSwiftPackageReference;
			repositoryURL = "https://github.com/yeahdongcn/RSBarcodes_Swift";
			requirement = {
				kind = upToNextMajorVersion;
				minimumVersion = 5.2.0;
			};
		};
/* End XCRemoteSwiftPackageReference section */

/* Begin XCSwiftPackageProductDependency section */
		3A627B922DD8CDA80011695B /* CodeScanner */ = {
			isa = XCSwiftPackageProductDependency;
			package = 3A627B912DD8CDA80011695B /* XCRemoteSwiftPackageReference "CodeScanner" */;
			productName = CodeScanner;
		};
		3AEB56F12DD936350013B1AE /* RSBarcodes_Swift */ = {
			isa = XCSwiftPackageProductDependency;
			package = 3AEB56F02DD936350013B1AE /* XCRemoteSwiftPackageReference "RSBarcodes_Swift" */;
			productName = RSBarcodes_Swift;
		};
/* End XCSwiftPackageProductDependency section */
	};
	rootObject = 3AD478ED2DD88B00006C5CBC /* Project object */;
}
